{
  "name": "orderscout-cli",
  "version": "0.1.2",
  "lockfileVersion": 3,
  "requires": true,
  "packages": {
    "": {
      "name": "orderscout-cli",
      "version": "0.1.2",
      "license": "MIT",
      "bin": {
        "justeat": "src/cli.js",
        "orderscout": "src/orderscout.js",
        "pide": "src/orderscout.js"
      },
      "engines": {
        "node": ">=20"
      }
    }
  }
}
